// !$*UTF8*$!
{
	archiveVersion = 1;
	classes = {
	};
	objectVersion = 55;
	objects = {

/* Begin PBXBuildFile section */
		2207F87128E316150086A5A2 /* Switcher.swift in Sources */ = {isa = PBXBuildFile; fileRef = 2207F87028E316150086A5A2 /* Switcher.swift */; };
		223C20D828E72A3D008A058B /* RemoteMovieDB.swift in Sources */ = {isa = PBXBuildFile; fileRef = 223C20D728E72A3D008A058B /* RemoteMovieDB.swift */; };
		223C20DA28E72AA5008A058B /* Movie.swift in Sources */ = {isa = PBXBuildFile; fileRef = 223C20D928E72AA5008A058B /* Movie.swift */; };
		2253E50928B4836700EF5485 /* RemoteMovie.swift in Sources */ = {isa = PBXBuildFile; fileRef = 2253E50828B4836700EF5485 /* RemoteMovie.swift */; };
		2266EF6828B7C64C0094DF61 /* MovieDetailViewController.swift in Sources */ = {isa = PBXBuildFile; fileRef = 2266EF6728B7C64C0094DF61 /* MovieDetailViewController.swift */; };
		2266EF6A28B7C6650094DF61 /* MovieDetailViewController.xib in Resources */ = {isa = PBXBuildFile; fileRef = 2266EF6928B7C6650094DF61 /* MovieDetailViewController.xib */; };
		2276533028B5E5A700A4E2EA /* SignInViewController.swift in Sources */ = {isa = PBXBuildFile; fileRef = 2276532F28B5E5A700A4E2EA /* SignInViewController.swift */; };
		2276533228B5E5F600A4E2EA /* MovieListViewController.swift in Sources */ = {isa = PBXBuildFile; fileRef = 2276533128B5E5F600A4E2EA /* MovieListViewController.swift */; };
		2276533528B5E84100A4E2EA /* MovieTableViewCell.swift in Sources */ = {isa = PBXBuildFile; fileRef = 2276533328B5E84100A4E2EA /* MovieTableViewCell.swift */; };
		2276533628B5E84100A4E2EA /* MovieTableViewCell.xib in Resources */ = {isa = PBXBuildFile; fileRef = 2276533428B5E84100A4E2EA /* MovieTableViewCell.xib */; };
		2276533A28B5F66600A4E2EA /* ProfilePageViewController.swift in Sources */ = {isa = PBXBuildFile; fileRef = 2276533928B5F66600A4E2EA /* ProfilePageViewController.swift */; };
		227B916028C850D9000162BE /* Kingfisher in Frameworks */ = {isa = PBXBuildFile; productRef = 227B915F28C850D9000162BE /* Kingfisher */; };
		227C8D4F28D0DA54004FAF81 /* UIView+Shimmering.swift in Sources */ = {isa = PBXBuildFile; fileRef = 227C8D4E28D0DA54004FAF81 /* UIView+Shimmering.swift */; };
		227C8D5128D0DAB0004FAF81 /* RemoteMovieDetails.swift in Sources */ = {isa = PBXBuildFile; fileRef = 227C8D5028D0DAB0004FAF81 /* RemoteMovieDetails.swift */; };
		BF20611E28B1194E00F0915C /* AppDelegate.swift in Sources */ = {isa = PBXBuildFile; fileRef = BF20611D28B1194E00F0915C /* AppDelegate.swift */; };
		BF20612028B1194E00F0915C /* SceneDelegate.swift in Sources */ = {isa = PBXBuildFile; fileRef = BF20611F28B1194E00F0915C /* SceneDelegate.swift */; };
		BF20612528B1194E00F0915C /* Main.storyboard in Resources */ = {isa = PBXBuildFile; fileRef = BF20612328B1194E00F0915C /* Main.storyboard */; };
		BF20612728B1194F00F0915C /* Assets.xcassets in Resources */ = {isa = PBXBuildFile; fileRef = BF20612628B1194F00F0915C /* Assets.xcassets */; };
		BF20612A28B1194F00F0915C /* LaunchScreen.storyboard in Resources */ = {isa = PBXBuildFile; fileRef = BF20612828B1194F00F0915C /* LaunchScreen.storyboard */; };
/* End PBXBuildFile section */

/* Begin PBXFileReference section */
		2207F87028E316150086A5A2 /* Switcher.swift */ = {isa = PBXFileReference; lastKnownFileType = sourcecode.swift; path = Switcher.swift; sourceTree = "<group>"; };
		223C20D728E72A3D008A058B /* RemoteMovieDB.swift */ = {isa = PBXFileReference; lastKnownFileType = sourcecode.swift; path = RemoteMovieDB.swift; sourceTree = "<group>"; };
		223C20D928E72AA5008A058B /* Movie.swift */ = {isa = PBXFileReference; lastKnownFileType = sourcecode.swift; path = Movie.swift; sourceTree = "<group>"; };
		2253E50828B4836700EF5485 /* RemoteMovie.swift */ = {isa = PBXFileReference; lastKnownFileType = sourcecode.swift; path = RemoteMovie.swift; sourceTree = "<group>"; };
		2266EF6728B7C64C0094DF61 /* MovieDetailViewController.swift */ = {isa = PBXFileReference; fileEncoding = 4; lastKnownFileType = sourcecode.swift; path = MovieDetailViewController.swift; sourceTree = "<group>"; };
		2266EF6928B7C6650094DF61 /* MovieDetailViewController.xib */ = {isa = PBXFileReference; fileEncoding = 4; lastKnownFileType = file.xib; path = MovieDetailViewController.xib; sourceTree = "<group>"; };
		2276532F28B5E5A700A4E2EA /* SignInViewController.swift */ = {isa = PBXFileReference; lastKnownFileType = sourcecode.swift; path = SignInViewController.swift; sourceTree = "<group>"; };
		2276533128B5E5F600A4E2EA /* MovieListViewController.swift */ = {isa = PBXFileReference; lastKnownFileType = sourcecode.swift; path = MovieListViewController.swift; sourceTree = "<group>"; };
		2276533328B5E84100A4E2EA /* MovieTableViewCell.swift */ = {isa = PBXFileReference; lastKnownFileType = sourcecode.swift; path = MovieTableViewCell.swift; sourceTree = "<group>"; };
		2276533428B5E84100A4E2EA /* MovieTableViewCell.xib */ = {isa = PBXFileReference; lastKnownFileType = file.xib; path = MovieTableViewCell.xib; sourceTree = "<group>"; };
		2276533928B5F66600A4E2EA /* ProfilePageViewController.swift */ = {isa = PBXFileReference; lastKnownFileType = sourcecode.swift; path = ProfilePageViewController.swift; sourceTree = "<group>"; };
		227C8D4E28D0DA54004FAF81 /* UIView+Shimmering.swift */ = {isa = PBXFileReference; fileEncoding = 4; lastKnownFileType = sourcecode.swift; path = "UIView+Shimmering.swift"; sourceTree = "<group>"; };
		227C8D5028D0DAB0004FAF81 /* RemoteMovieDetails.swift */ = {isa = PBXFileReference; fileEncoding = 4; lastKnownFileType = sourcecode.swift; path = RemoteMovieDetails.swift; sourceTree = "<group>"; };
		BF20611A28B1194E00F0915C /* Movie-App-Group-7.app */ = {isa = PBXFileReference; explicitFileType = wrapper.application; includeInIndex = 0; path = "Movie-App-Group-7.app"; sourceTree = BUILT_PRODUCTS_DIR; };
		BF20611D28B1194E00F0915C /* AppDelegate.swift */ = {isa = PBXFileReference; lastKnownFileType = sourcecode.swift; path = AppDelegate.swift; sourceTree = "<group>"; };
		BF20611F28B1194E00F0915C /* SceneDelegate.swift */ = {isa = PBXFileReference; lastKnownFileType = sourcecode.swift; path = SceneDelegate.swift; sourceTree = "<group>"; };
		BF20612428B1194E00F0915C /* Base */ = {isa = PBXFileReference; lastKnownFileType = file.storyboard; name = Base; path = Base.lproj/Main.storyboard; sourceTree = "<group>"; };
		BF20612628B1194F00F0915C /* Assets.xcassets */ = {isa = PBXFileReference; lastKnownFileType = folder.assetcatalog; path = Assets.xcassets; sourceTree = "<group>"; };
		BF20612928B1194F00F0915C /* Base */ = {isa = PBXFileReference; lastKnownFileType = file.storyboard; name = Base; path = Base.lproj/LaunchScreen.storyboard; sourceTree = "<group>"; };
		BF20612B28B1194F00F0915C /* Info.plist */ = {isa = PBXFileReference; lastKnownFileType = text.plist.xml; path = Info.plist; sourceTree = "<group>"; };
/* End PBXFileReference section */

/* Begin PBXFrameworksBuildPhase section */
		BF20611728B1194E00F0915C /* Frameworks */ = {
			isa = PBXFrameworksBuildPhase;
			buildActionMask = 2147483647;
			files = (
				227B916028C850D9000162BE /* Kingfisher in Frameworks */,
			);
			runOnlyForDeploymentPostprocessing = 0;
		};
/* End PBXFrameworksBuildPhase section */

/* Begin PBXGroup section */
		2276533828B5F61B00A4E2EA /* Storyboard */ = {
			isa = PBXGroup;
			children = (
				BF20612328B1194E00F0915C /* Main.storyboard */,
				2276532F28B5E5A700A4E2EA /* SignInViewController.swift */,
				2276533128B5E5F600A4E2EA /* MovieListViewController.swift */,
				2276533928B5F66600A4E2EA /* ProfilePageViewController.swift */,
			);
			path = Storyboard;
			sourceTree = "<group>";
		};
		2276533B28B5F79A00A4E2EA /* CustomCell */ = {
			isa = PBXGroup;
			children = (
				2276533428B5E84100A4E2EA /* MovieTableViewCell.xib */,
				2276533328B5E84100A4E2EA /* MovieTableViewCell.swift */,
			);
			path = CustomCell;
			sourceTree = "<group>";
		};
		227B915D28C84E41000162BE /* Data Model */ = {
			isa = PBXGroup;
			children = (
				227C8D5028D0DAB0004FAF81 /* RemoteMovieDetails.swift */,
				2253E50828B4836700EF5485 /* RemoteMovie.swift */,
				223C20D728E72A3D008A058B /* RemoteMovieDB.swift */,
				223C20D928E72AA5008A058B /* Movie.swift */,
			);
			path = "Data Model";
			sourceTree = "<group>";
		};
		22C82C6728D05FF200F7E214 /* Extension */ = {
			isa = PBXGroup;
			children = (
				227C8D4E28D0DA54004FAF81 /* UIView+Shimmering.swift */,
			);
			path = Extension;
			sourceTree = "<group>";
		};
		22DA604528B7C4DB006ACBC9 /* XiB */ = {
			isa = PBXGroup;
			children = (
				2266EF6928B7C6650094DF61 /* MovieDetailViewController.xib */,
				2266EF6728B7C64C0094DF61 /* MovieDetailViewController.swift */,
			);
			path = XiB;
			sourceTree = "<group>";
		};
		BF20611128B1194E00F0915C = {
			isa = PBXGroup;
			children = (
				BF20611C28B1194E00F0915C /* Movie-App-Group-7 */,
				BF20611B28B1194E00F0915C /* Products */,
			);
			sourceTree = "<group>";
		};
		BF20611B28B1194E00F0915C /* Products */ = {
			isa = PBXGroup;
			children = (
				BF20611A28B1194E00F0915C /* Movie-App-Group-7.app */,
			);
			name = Products;
			sourceTree = "<group>";
		};
		BF20611C28B1194E00F0915C /* Movie-App-Group-7 */ = {
			isa = PBXGroup;
			children = (
				BF20611D28B1194E00F0915C /* AppDelegate.swift */,
				BF20611F28B1194E00F0915C /* SceneDelegate.swift */,
				227B915D28C84E41000162BE /* Data Model */,
				22DA604528B7C4DB006ACBC9 /* XiB */,
				2276533828B5F61B00A4E2EA /* Storyboard */,
				2276533B28B5F79A00A4E2EA /* CustomCell */,
				22C82C6728D05FF200F7E214 /* Extension */,
				BF20612828B1194F00F0915C /* LaunchScreen.storyboard */,
				BF20612B28B1194F00F0915C /* Info.plist */,
				BF20612628B1194F00F0915C /* Assets.xcassets */,
				2207F87028E316150086A5A2 /* Switcher.swift */,
			);
			path = "Movie-App-Group-7";
			sourceTree = "<group>";
		};
/* End PBXGroup section */

/* Begin PBXNativeTarget section */
		BF20611928B1194E00F0915C /* Movie-App-Group-7 */ = {
			isa = PBXNativeTarget;
			buildConfigurationList = BF20612E28B1194F00F0915C /* Build configuration list for PBXNativeTarget "Movie-App-Group-7" */;
			buildPhases = (
				BF20611628B1194E00F0915C /* Sources */,
				BF20611728B1194E00F0915C /* Frameworks */,
				BF20611828B1194E00F0915C /* Resources */,
			);
			buildRules = (
			);
			dependencies = (
			);
			name = "Movie-App-Group-7";
			packageProductDependencies = (
				227B915F28C850D9000162BE /* Kingfisher */,
			);
			productName = "Movie-App-Group-7";
			productReference = BF20611A28B1194E00F0915C /* Movie-App-Group-7.app */;
			productType = "com.apple.product-type.application";
		};
/* End PBXNativeTarget section */

/* Begin PBXProject section */
		BF20611228B1194E00F0915C /* Project object */ = {
			isa = PBXProject;
			attributes = {
				BuildIndependentTargetsInParallel = 1;
				LastSwiftUpdateCheck = 1330;
				LastUpgradeCheck = 1330;
				TargetAttributes = {
					BF20611928B1194E00F0915C = {
						CreatedOnToolsVersion = 13.3.1;
					};
				};
			};
			buildConfigurationList = BF20611528B1194E00F0915C /* Build configuration list for PBXProject "Movie-App-Group-7" */;
			compatibilityVersion = "Xcode 13.0";
			developmentRegion = en;
			hasScannedForEncodings = 0;
			knownRegions = (
				en,
				Base,
			);
			mainGroup = BF20611128B1194E00F0915C;
			packageReferences = (
				227B915E28C850D9000162BE /* XCRemoteSwiftPackageReference "Kingfisher" */,
			);
			productRefGroup = BF20611B28B1194E00F0915C /* Products */;
			projectDirPath = "";
			projectRoot = "";
			targets = (
				BF20611928B1194E00F0915C /* Movie-App-Group-7 */,
			);
		};
/* End PBXProject section */

/* Begin PBXResourcesBuildPhase section */
		BF20611828B1194E00F0915C /* Resources */ = {
			isa = PBXResourcesBuildPhase;
			buildActionMask = 2147483647;
			files = (
				2266EF6A28B7C6650094DF61 /* MovieDetailViewController.xib in Resources */,
				BF20612A28B1194F00F0915C /* LaunchScreen.storyboard in Resources */,
				BF20612728B1194F00F0915C /* Assets.xcassets in Resources */,
				2276533628B5E84100A4E2EA /* MovieTableViewCell.xib in Resources */,
				BF20612528B1194E00F0915C /* Main.storyboard in Resources */,
			);
			runOnlyForDeploymentPostprocessing = 0;
		};
/* End PBXResourcesBuildPhase section */

/* Begin PBXSourcesBuildPhase section */
		BF20611628B1194E00F0915C /* Sources */ = {
			isa = PBXSourcesBuildPhase;
			buildActionMask = 2147483647;
			files = (
				BF20611E28B1194E00F0915C /* AppDelegate.swift in Sources */,
				227C8D4F28D0DA54004FAF81 /* UIView+Shimmering.swift in Sources */,
				2276533228B5E5F600A4E2EA /* MovieListViewController.swift in Sources */,
				227C8D5128D0DAB0004FAF81 /* RemoteMovieDetails.swift in Sources */,
				223C20D828E72A3D008A058B /* RemoteMovieDB.swift in Sources */,
				2276533528B5E84100A4E2EA /* MovieTableViewCell.swift in Sources */,
				2253E50928B4836700EF5485 /* RemoteMovie.swift in Sources */,
				2276533028B5E5A700A4E2EA /* SignInViewController.swift in Sources */,
				223C20DA28E72AA5008A058B /* Movie.swift in Sources */,
				2276533A28B5F66600A4E2EA /* ProfilePageViewController.swift in Sources */,
				2266EF6828B7C64C0094DF61 /* MovieDetailViewController.swift in Sources */,
				BF20612028B1194E00F0915C /* SceneDelegate.swift in Sources */,
				2207F87128E316150086A5A2 /* Switcher.swift in Sources */,
			);
			runOnlyForDeploymentPostprocessing = 0;
		};
/* End PBXSourcesBuildPhase section */

/* Begin PBXVariantGroup section */
		BF20612328B1194E00F0915C /* Main.storyboard */ = {
			isa = PBXVariantGroup;
			children = (
				BF20612428B1194E00F0915C /* Base */,
			);
			name = Main.storyboard;
			sourceTree = "<group>";
		};
		BF20612828B1194F00F0915C /* LaunchScreen.storyboard */ = {
			isa = PBXVariantGroup;
			children = (
				BF20612928B1194F00F0915C /* Base */,
			);
			name = LaunchScreen.storyboard;
			sourceTree = "<group>";
		};
/* End PBXVariantGroup section */

/* Begin XCBuildConfiguration section */
		BF20612C28B1194F00F0915C /* Debug */ = {
			isa = XCBuildConfiguration;
			buildSettings = {
				ALWAYS_SEARCH_USER_PATHS = NO;
				CLANG_ANALYZER_NONNULL = YES;
				CLANG_ANALYZER_NUMBER_OBJECT_CONVERSION = YES_AGGRESSIVE;
				CLANG_CXX_LANGUAGE_STANDARD = "gnu++17";
				CLANG_ENABLE_MODULES = YES;
				CLANG_ENABLE_OBJC_ARC = YES;
				CLANG_ENABLE_OBJC_WEAK = YES;
				CLANG_WARN_BLOCK_CAPTURE_AUTORELEASING = YES;
				CLANG_WARN_BOOL_CONVERSION = YES;
				CLANG_WARN_COMMA = YES;
				CLANG_WARN_CONSTANT_CONVERSION = YES;
				CLANG_WARN_DEPRECATED_OBJC_IMPLEMENTATIONS = YES;
				CLANG_WARN_DIRECT_OBJC_ISA_USAGE = YES_ERROR;
				CLANG_WARN_DOCUMENTATION_COMMENTS = YES;
				CLANG_WARN_EMPTY_BODY = YES;
				CLANG_WARN_ENUM_CONVERSION = YES;
				CLANG_WARN_INFINITE_RECURSION = YES;
				CLANG_WARN_INT_CONVERSION = YES;
				CLANG_WARN_NON_LITERAL_NULL_CONVERSION = YES;
				CLANG_WARN_OBJC_IMPLICIT_RETAIN_SELF = YES;
				CLANG_WARN_OBJC_LITERAL_CONVERSION = YES;
				CLANG_WARN_OBJC_ROOT_CLASS = YES_ERROR;
				CLANG_WARN_QUOTED_INCLUDE_IN_FRAMEWORK_HEADER = YES;
				CLANG_WARN_RANGE_LOOP_ANALYSIS = YES;
				CLANG_WARN_STRICT_PROTOTYPES = YES;
				CLANG_WARN_SUSPICIOUS_MOVE = YES;
				CLANG_WARN_UNGUARDED_AVAILABILITY = YES_AGGRESSIVE;
				CLANG_WARN_UNREACHABLE_CODE = YES;
				CLANG_WARN__DUPLICATE_METHOD_MATCH = YES;
				COPY_PHASE_STRIP = NO;
				DEBUG_INFORMATION_FORMAT = dwarf;
				ENABLE_STRICT_OBJC_MSGSEND = YES;
				ENABLE_TESTABILITY = YES;
				GCC_C_LANGUAGE_STANDARD = gnu11;
				GCC_DYNAMIC_NO_PIC = NO;
				GCC_NO_COMMON_BLOCKS = YES;
				GCC_OPTIMIZATION_LEVEL = 0;
				GCC_PREPROCESSOR_DEFINITIONS = (
					"DEBUG=1",
					"$(inherited)",
				);
				GCC_WARN_64_TO_32_BIT_CONVERSION = YES;
				GCC_WARN_ABOUT_RETURN_TYPE = YES_ERROR;
				GCC_WARN_UNDECLARED_SELECTOR = YES;
				GCC_WARN_UNINITIALIZED_AUTOS = YES_AGGRESSIVE;
				GCC_WARN_UNUSED_FUNCTION = YES;
				GCC_WARN_UNUSED_VARIABLE = YES;
				IPHONEOS_DEPLOYMENT_TARGET = 15.4;
				MTL_ENABLE_DEBUG_INFO = INCLUDE_SOURCE;
				MTL_FAST_MATH = YES;
				ONLY_ACTIVE_ARCH = YES;
				SDKROOT = iphoneos;
				SWIFT_ACTIVE_COMPILATION_CONDITIONS = DEBUG;
				SWIFT_OPTIMIZATION_LEVEL = "-Onone";
			};
			name = Debug;
		};
		BF20612D28B1194F00F0915C /* Release */ = {
			isa = XCBuildConfiguration;
			buildSettings = {
				ALWAYS_SEARCH_USER_PATHS = NO;
				CLANG_ANALYZER_NONNULL = YES;
				CLANG_ANALYZER_NUMBER_OBJECT_CONVERSION = YES_AGGRESSIVE;
				CLANG_CXX_LANGUAGE_STANDARD = "gnu++17";
				CLANG_ENABLE_MODULES = YES;
				CLANG_ENABLE_OBJC_ARC = YES;
				CLANG_ENABLE_OBJC_WEAK = YES;
				CLANG_WARN_BLOCK_CAPTURE_AUTORELEASING = YES;
				CLANG_WARN_BOOL_CONVERSION = YES;
				CLANG_WARN_COMMA = YES;
				CLANG_WARN_CONSTANT_CONVERSION = YES;
				CLANG_WARN_DEPRECATED_OBJC_IMPLEMENTATIONS = YES;
				CLANG_WARN_DIRECT_OBJC_ISA_USAGE = YES_ERROR;
				CLANG_WARN_DOCUMENTATION_COMMENTS = YES;
				CLANG_WARN_EMPTY_BODY = YES;
				CLANG_WARN_ENUM_CONVERSION = YES;
				CLANG_WARN_INFINITE_RECURSION = YES;
				CLANG_WARN_INT_CONVERSION = YES;
				CLANG_WARN_NON_LITERAL_NULL_CONVERSION = YES;
				CLANG_WARN_OBJC_IMPLICIT_RETAIN_SELF = YES;
				CLANG_WARN_OBJC_LITERAL_CONVERSION = YES;
				CLANG_WARN_OBJC_ROOT_CLASS = YES_ERROR;
				CLANG_WARN_QUOTED_INCLUDE_IN_FRAMEWORK_HEADER = YES;
				CLANG_WARN_RANGE_LOOP_ANALYSIS = YES;
				CLANG_WARN_STRICT_PROTOTYPES = YES;
				CLANG_WARN_SUSPICIOUS_MOVE = YES;
				CLANG_WARN_UNGUARDED_AVAILABILITY = YES_AGGRESSIVE;
				CLANG_WARN_UNREACHABLE_CODE = YES;
				CLANG_WARN__DUPLICATE_METHOD_MATCH = YES;
				COPY_PHASE_STRIP = NO;
				DEBUG_INFORMATION_FORMAT = "dwarf-with-dsym";
				ENABLE_NS_ASSERTIONS = NO;
				ENABLE_STRICT_OBJC_MSGSEND = YES;
				GCC_C_LANGUAGE_STANDARD = gnu11;
				GCC_NO_COMMON_BLOCKS = YES;
				GCC_WARN_64_TO_32_BIT_CONVERSION = YES;
				GCC_WARN_ABOUT_RETURN_TYPE = YES_ERROR;
				GCC_WARN_UNDECLARED_SELECTOR = YES;
				GCC_WARN_UNINITIALIZED_AUTOS = YES_AGGRESSIVE;
				GCC_WARN_UNUSED_FUNCTION = YES;
				GCC_WARN_UNUSED_VARIABLE = YES;
				IPHONEOS_DEPLOYMENT_TARGET = 15.4;
				MTL_ENABLE_DEBUG_INFO = NO;
				MTL_FAST_MATH = YES;
				SDKROOT = iphoneos;
				SWIFT_COMPILATION_MODE = wholemodule;
				SWIFT_OPTIMIZATION_LEVEL = "-O";
				VALIDATE_PRODUCT = YES;
			};
			name = Release;
		};
		BF20612F28B1194F00F0915C /* Debug */ = {
			isa = XCBuildConfiguration;
			buildSettings = {
				ASSETCATALOG_COMPILER_APPICON_NAME = AppIcon;
				ASSETCATALOG_COMPILER_GLOBAL_ACCENT_COLOR_NAME = AccentColor;
				CODE_SIGN_STYLE = Automatic;
				CURRENT_PROJECT_VERSION = 1;
				DEVELOPMENT_TEAM = X7PX2RYRJL;
				GENERATE_INFOPLIST_FILE = YES;
				INFOPLIST_FILE = "Movie-App-Group-7/Info.plist";
				INFOPLIST_KEY_UIApplicationSupportsIndirectInputEvents = YES;
				INFOPLIST_KEY_UILaunchStoryboardName = LaunchScreen;
				INFOPLIST_KEY_UIMainStoryboardFile = Main;
				INFOPLIST_KEY_UISupportedInterfaceOrientations_iPad = "UIInterfaceOrientationPortrait UIInterfaceOrientationPortraitUpsideDown UIInterfaceOrientationLandscapeLeft UIInterfaceOrientationLandscapeRight";
				INFOPLIST_KEY_UISupportedInterfaceOrientations_iPhone = "UIInterfaceOrientationPortrait UIInterfaceOrientationLandscapeLeft UIInterfaceOrientationLandscapeRight";
				LD_RUNPATH_SEARCH_PATHS = (
					"$(inherited)",
					"@executable_path/Frameworks",
				);
				MARKETING_VERSION = 1.0;
				PRODUCT_BUNDLE_IDENTIFIER = "com.funios.Movie-App-Group-7";
				PRODUCT_NAME = "$(TARGET_NAME)";
				SWIFT_EMIT_LOC_STRINGS = YES;
				SWIFT_VERSION = 5.0;
				TARGETED_DEVICE_FAMILY = "1,2";
			};
			name = Debug;
		};
		BF20613028B1194F00F0915C /* Release */ = {
			isa = XCBuildConfiguration;
			buildSettings = {
				ASSETCATALOG_COMPILER_APPICON_NAME = AppIcon;
				ASSETCATALOG_COMPILER_GLOBAL_ACCENT_COLOR_NAME = AccentColor;
				CODE_SIGN_STYLE = Automatic;
				CURRENT_PROJECT_VERSION = 1;
				DEVELOPMENT_TEAM = X7PX2RYRJL;
				GENERATE_INFOPLIST_FILE = YES;
				INFOPLIST_FILE = "Movie-App-Group-7/Info.plist";
				INFOPLIST_KEY_UIApplicationSupportsIndirectInputEvents = YES;
				INFOPLIST_KEY_UILaunchStoryboardName = LaunchScreen;
				INFOPLIST_KEY_UIMainStoryboardFile = Main;
				INFOPLIST_KEY_UISupportedInterfaceOrientations_iPad = "UIInterfaceOrientationPortrait UIInterfaceOrientationPortraitUpsideDown UIInterfaceOrientationLandscapeLeft UIInterfaceOrientationLandscapeRight";
				INFOPLIST_KEY_UISupportedInterfaceOrientations_iPhone = "UIInterfaceOrientationPortrait UIInterfaceOrientationLandscapeLeft UIInterfaceOrientationLandscapeRight";
				LD_RUNPATH_SEARCH_PATHS = (
					"$(inherited)",
					"@executable_path/Frameworks",
				);
				MARKETING_VERSION = 1.0;
				PRODUCT_BUNDLE_IDENTIFIER = "com.funios.Movie-App-Group-7";
				PRODUCT_NAME = "$(TARGET_NAME)";
				SWIFT_EMIT_LOC_STRINGS = YES;
				SWIFT_VERSION = 5.0;
				TARGETED_DEVICE_FAMILY = "1,2";
			};
			name = Release;
		};
/* End XCBuildConfiguration section */

/* Begin XCConfigurationList section */
		BF20611528B1194E00F0915C /* Build configuration list for PBXProject "Movie-App-Group-7" */ = {
			isa = XCConfigurationList;
			buildConfigurations = (
				BF20612C28B1194F00F0915C /* Debug */,
				BF20612D28B1194F00F0915C /* Release */,
			);
			defaultConfigurationIsVisible = 0;
			defaultConfigurationName = Release;
		};
		BF20612E28B1194F00F0915C /* Build configuration list for PBXNativeTarget "Movie-App-Group-7" */ = {
			isa = XCConfigurationList;
			buildConfigurations = (
				BF20612F28B1194F00F0915C /* Debug */,
				BF20613028B1194F00F0915C /* Release */,
			);
			defaultConfigurationIsVisible = 0;
			defaultConfigurationName = Release;
		};
/* End XCConfigurationList section */

/* Begin XCRemoteSwiftPackageReference section */
		227B915E28C850D9000162BE /* XCRemoteSwiftPackageReference "Kingfisher" */ = {
			isa = XCRemoteSwiftPackageReference;
			repositoryURL = "https://github.com/onevcat/Kingfisher";
			requirement = {
				branch = master;
				kind = branch;
			};
		};
/* End XCRemoteSwiftPackageReference section */

/* Begin XCSwiftPackageProductDependency section */
		227B915F28C850D9000162BE /* Kingfisher */ = {
			isa = XCSwiftPackageProductDependency;
			package = 227B915E28C850D9000162BE /* XCRemoteSwiftPackageReference "Kingfisher" */;
			productName = Kingfisher;
		};
/* End XCSwiftPackageProductDependency section */
	};
	rootObject = BF20611228B1194E00F0915C /* Project object */;
}
